
Microsoft Visual Studio Solution File, Format Version 12.00
# Visual Studio Version 17
VisualStudioVersion = 17.11.35327.3
MinimumVisualStudioVersion = 10.0.40219.1
Project("{FAE04EC0-301F-11D3-BF4B-00C04F79EFBC}") = "ImageToPDFApi", "ImageToPDFApi\ImageToPDFApi.csproj", "{6DD135BD-AC22-478F-8FB8-B3EB71886745}"
EndProject
Project("{FAE04EC0-301F-11D3-BF4B-00C04F79EFBC}") = "ImageToPdf", "..\ImageToPdf\ImageToPdf.csproj", "{6EBB5C51-BB81-4440-A260-A495DD51671B}"
EndProject
Global
	GlobalSection(SolutionConfigurationPlatforms) = preSolution
		Debug|Any CPU = Debug|Any CPU
		Release|Any CPU = Release|Any CPU
	EndGlobalSection
	GlobalSection(ProjectConfigurationPlatforms) = postSolution
		{6DD135BD-AC22-478F-8FB8-B3EB71886745}.Debug|Any CPU.ActiveCfg = Debug|Any CPU
		{6DD135BD-AC22-478F-8FB8-B3EB71886745}.Debug|Any CPU.Build.0 = Debug|Any CPU
		{6DD135BD-AC22-478F-8FB8-B3EB71886745}.Release|Any CPU.ActiveCfg = Release|Any CPU
		{6DD135BD-AC22-478F-8FB8-B3EB71886745}.Release|Any CPU.Build.0 = Release|Any CPU
		{6EBB5C51-BB81-4440-A260-A495DD51671B}.Debug|Any CPU.ActiveCfg = Debug|Any CPU
		{6EBB5C51-BB81-4440-A260-A495DD51671B}.Debug|Any CPU.Build.0 = Debug|Any CPU
		{6EBB5C51-BB81-4440-A260-A495DD51671B}.Release|Any CPU.ActiveCfg = Release|Any CPU
		{6EBB5C51-BB81-4440-A260-A495DD51671B}.Release|Any CPU.Build.0 = Release|Any CPU
	EndGlobalSection
	GlobalSection(SolutionProperties) = preSolution
		HideSolutionNode = FALSE
	EndGlobalSection
	GlobalSection(ExtensibilityGlobals) = postSolution
		SolutionGuid = {704860B7-4C1B-4D3C-B307-96981113A8E5}
	EndGlobalSection
EndGlobal
